
Microsoft Visual Studio Solution File, Format Version 12.00
# Visual Studio Version 17
VisualStudioVersion = 17.0.31903.59
MinimumVisualStudioVersion = 10.0.40219.1
Project("{2150E333-8FDC-42A3-9474-1A3956D46DE8}") = "src", "src", "{629EB041-844D-4C38-8223-0E0003621793}"
EndProject
Project("{FAE04EC0-301F-11D3-BF4B-00C04F79EFBC}") = "DemoApi", "src\DemoApi\DemoApi.csproj", "{88F7BED7-B672-4964-8632-7E45ED12C5D5}"
EndProject
Global
	GlobalSection(SolutionConfigurationPlatforms) = preSolution
		Debug|Any CPU = Debug|Any CPU
		Release|Any CPU = Release|Any CPU
	EndGlobalSection
	GlobalSection(ProjectConfigurationPlatforms) = postSolution
		{88F7BED7-B672-4964-8632-7E45ED12C5D5}.Debug|Any CPU.ActiveCfg = Debug|Any CPU
		{88F7BED7-B672-4964-8632-7E45ED12C5D5}.Debug|Any CPU.Build.0 = Debug|Any CPU
		{88F7BED7-B672-4964-8632-7E45ED12C5D5}.Release|Any CPU.ActiveCfg = Release|Any CPU
		{88F7BED7-B672-4964-8632-7E45ED12C5D5}.Release|Any CPU.Build.0 = Release|Any CPU
	EndGlobalSection
	GlobalSection(SolutionProperties) = preSolution
		HideSolutionNode = FALSE
	EndGlobalSection
	GlobalSection(NestedProjects) = preSolution
		{88F7BED7-B672-4964-8632-7E45ED12C5D5} = {629EB041-844D-4C38-8223-0E0003621793}
	EndGlobalSection
EndGlobal
